step_1:
  cmd: python -m scripts.action_a --input data/raw.txt --output output/step_1.txt
  deps:
  - path: data/raw.txt
    md5: 7ad3d6a8f356ab26a5a908a98afbf4bf
  - path: scripts/action_a.py
    md5: 66b3bf49a21be60ca26e9013ce8128f1
  outs:
  - path: output/step_1.txt
    md5: 20d46f66f60d266d39b380b41c615a76
step_2:
  cmd: python -m scripts.action_b --input output/step_1.txt --output output/step_2.txt
  deps:
  - path: output/step_1.txt
    md5: 20d46f66f60d266d39b380b41c615a76
  - path: scripts/action_b.py
    md5: ef296993b0420d57049bba8e9e2249ef
  outs:
  - path: output/step_2.txt
    md5: de1c9818adbb35b665c242d7617e1ec9
step_3:
  cmd: python -m scripts.action_c --input output/step_2.txt --output output/step_3.txt
  deps:
  - path: output/step_2.txt
    md5: de1c9818adbb35b665c242d7617e1ec9
  - path: scripts/action_c.py
    md5: 966b18cd6fb5a444c0ebe0f6ae8f665f
  outs:
  - path: output/step_3.txt
    md5: 22d8d2108573aaae580529463979f103
